PODS:
  - AFNetworking (3.2.1):
    - AFNetworking/NSURLSession (= 3.2.1)
    - AFNetworking/Reachability (= 3.2.1)
    - AFNetworking/Security (= 3.2.1)
    - AFNetworking/Serialization (= 3.2.1)
    - AFNetworking/UIKit (= 3.2.1)
  - AFNetworking/NSURLSession (3.2.1):
    - AFNetworking/Reachability
    - AFNetworking/Security
    - AFNetworking/Serialization
  - AFNetworking/Reachability (3.2.1)
  - AFNetworking/Security (3.2.1)
  - AFNetworking/Serialization (3.2.1)
  - AFNetworking/UIKit (3.2.1):
    - AFNetworking/NSURLSession
  - AMap3DMap (6.2.0):
    - AMapFoundation (~> 1.5)
  - AMapFoundation (1.5.1)
  - AMapLocation (2.6.0):
    - AMapFoundation (~> 1.4)
  - AMapNavi (6.1.1):
    - AMap3DMap (~> 6.2)
    - AMapFoundation (~> 1.5)
  - AMapSearch (6.1.1):
    - AMapFoundation (~> 1.4)
  - DZNEmptyDataSet (1.8.1)
  - HappyDNS (0.3.14)
  - IQKeyboardManager (6.0.3)
  - MBProgressHUD (0.9.2)
  - "MBProgressHUD+BWMExtension (1.0.1)":
    - MBProgressHUD (~> 0.9.1)
  - MJExtension (3.0.13)
  - MJRefresh (3.1.15.3)
  - Qiniu (7.2.4):
    - HappyDNS (~> 0.3)
  - RongCloudIM (2.8.32):
    - RongCloudIM/CallKit (= 2.8.32)
    - RongCloudIM/CallLib (= 2.8.32)
    - RongCloudIM/IMKit (= 2.8.32)
    - RongCloudIM/IMLib (= 2.8.32)
    - RongCloudIM/RedPacket (= 2.8.32)
    - RongCloudIM/Sticker (= 2.8.32)
  - RongCloudIM/CallKit (2.8.32):
    - RongCloudIM/CallLib
    - RongCloudIM/IMKit
  - RongCloudIM/CallLib (2.8.32):
    - RongCloudIM/IMLib
  - RongCloudIM/IMKit (2.8.32):
    - RongCloudIM/IMLib
  - RongCloudIM/IMLib (2.8.32)
  - RongCloudIM/RedPacket (2.8.32):
    - RongCloudIM/IMKit
  - RongCloudIM/Sticker (2.8.32):
    - RongCloudIM/IMKit
  - SDAutoLayout (2.2.0)
  - SDWebImage (4.3.3):
    - SDWebImage/Core (= 4.3.3)
  - SDWebImage/Core (4.3.3)
  - XHWebImageAutoSize (1.1.2)
  - YYKit (1.0.9):
    - YYKit/no-arc (= 1.0.9)
  - YYKit/no-arc (1.0.9)

DEPENDENCIES:
  - AFNetworking (~> 3.2.0)
  - AMap3DMap (~> 6.2.0)
  - AMapLocation (~> 2.6.0)
  - AMapNavi (~> 6.1.1)
  - AMapSearch (~> 6.1.1)
  - DZNEmptyDataSet (~> 1.8.1)
  - IQKeyboardManager (~> 6.0.0)
  - "MBProgressHUD+BWMExtension (~> 1.0.1)"
  - MJExtension (~> 3.0.13)
  - MJRefresh (~> 3.1.15.3)
  - Qiniu (~> 7.2.4)
  - RongCloudIM (~> 2.8.32)
  - SDAutoLayout (~> 2.2.0)
  - SDWebImage (~> 4.3.3)
  - XHWebImageAutoSize (~> 1.1.2)
  - YYKit (~> 1.0.9)

SPEC REPOS:
  https://github.com/cocoapods/specs.git:
    - AFNetworking
    - AMap3DMap
    - AMapFoundation
    - AMapLocation
    - AMapNavi
    - AMapSearch
    - DZNEmptyDataSet
    - HappyDNS
    - IQKeyboardManager
    - MBProgressHUD
    - "MBProgressHUD+BWMExtension"
    - MJExtension
    - MJRefresh
    - Qiniu
    - RongCloudIM
    - SDAutoLayout
    - SDWebImage
    - XHWebImageAutoSize
    - YYKit

SPEC CHECKSUMS:
  AFNetworking: b6f891fdfaed196b46c7a83cf209e09697b94057
  AMap3DMap: 4170b8e1674883eefc068e277abf4dbaa9ea5f2d
  AMapFoundation: d1af683f29b344e469b043561105dd656033a881
  AMapLocation: 55116a2c8956eab7550cbb56e989aa5cdcc424e3
  AMapNavi: c02a60d4e0cd84cafd660bfd94c7378fac97170e
  AMapSearch: 3dcbf85c403a2a0fe0eda5318caabc272b31f5e1
  DZNEmptyDataSet: 9525833b9e68ac21c30253e1d3d7076cc828eaa7
  HappyDNS: dc6a164ee81979093123c241c6353bcf0218add6
  IQKeyboardManager: c390e612f4b98c8fd748016470138537dc163ead
  MBProgressHUD: 1569cf7ace17a8bac47aabfbb8580a49690386d1
  "MBProgressHUD+BWMExtension": d0603a1c0b03ef74cae6a0986d63c0bdf34bedfe
  MJExtension: 5932755f451458eefa24239358817f8d291240c7
  MJRefresh: b48380ae2b927b46c4ef000de9adb8dc748e1df7
  Qiniu: 65384bca1cdb0480a68d9b9b8f54db53418c0355
  RongCloudIM: 48bfc2fcb8d7cae8ce1e19cb5fb26d6d90616375
  SDAutoLayout: c5509e77ae75735d9a39f7bc83dba6d3f75d49d8
  SDWebImage: de4d90b5bff3571eae7bd16202b1f43135409fa5
  XHWebImageAutoSize: 8e5d7bf036f960885769dbe3410579024d3ac1a1
  YYKit: 7cda43304a8dc3696c449041e2cb3107b4e236e7

PODFILE CHECKSUM: 23ab8f9ca2808da104248274a990af5c156c5554

COCOAPODS: 1.5.2
